
Microsoft Visual Studio Solution File, Format Version 12.00
Project("{FAE04EC0-301F-11D3-BF4B-00C04F79EFBC}") = "Vault.Web", "Vault.Web\Vault.Web.csproj", "{75F0344E-39F3-40BC-BF36-F8EC251965E7}"
EndProject
Project("{2150E333-8FDC-42A3-9474-1A3956D46DE8}") = "src", "src", "{15527CB3-CC06-46A4-B4E7-CC87E38DA540}"
EndProject
Project("{2150E333-8FDC-42A3-9474-1A3956D46DE8}") = "tools", "tools", "{25A208E5-5346-4846-9252-1E9F940D0E60}"
EndProject
Project("{FAE04EC0-301F-11D3-BF4B-00C04F79EFBC}") = "Vault.Cli", "..\tools\Vault.Cli\Vault.Cli.csproj", "{B4A9772C-1411-4422-8D3F-61250EE431F9}"
EndProject
Project("{FAE04EC0-301F-11D3-BF4B-00C04F79EFBC}") = "Vault", "Vault\Vault.csproj", "{EF81646C-FFE0-4388-A572-2FA5151DE8B6}"
EndProject
Project("{FAE04EC0-301F-11D3-BF4B-00C04F79EFBC}") = "Vault.Extensions.Microsoft.Configuration", "Vault.Extensions.Microsoft.Configuration\Vault.Extensions.Microsoft.Configuration.csproj", "{687CBA7A-D8FA-4ACF-B60C-A58850BD1C5A}"
EndProject
Global
	GlobalSection(SolutionConfigurationPlatforms) = preSolution
		Debug|Any CPU = Debug|Any CPU
		Release|Any CPU = Release|Any CPU
	EndGlobalSection
	GlobalSection(ProjectConfigurationPlatforms) = postSolution
		{75F0344E-39F3-40BC-BF36-F8EC251965E7}.Debug|Any CPU.ActiveCfg = Debug|Any CPU
		{75F0344E-39F3-40BC-BF36-F8EC251965E7}.Debug|Any CPU.Build.0 = Debug|Any CPU
		{75F0344E-39F3-40BC-BF36-F8EC251965E7}.Release|Any CPU.ActiveCfg = Release|Any CPU
		{75F0344E-39F3-40BC-BF36-F8EC251965E7}.Release|Any CPU.Build.0 = Release|Any CPU
		{B4A9772C-1411-4422-8D3F-61250EE431F9}.Debug|Any CPU.ActiveCfg = Debug|Any CPU
		{B4A9772C-1411-4422-8D3F-61250EE431F9}.Debug|Any CPU.Build.0 = Debug|Any CPU
		{B4A9772C-1411-4422-8D3F-61250EE431F9}.Release|Any CPU.ActiveCfg = Release|Any CPU
		{B4A9772C-1411-4422-8D3F-61250EE431F9}.Release|Any CPU.Build.0 = Release|Any CPU
		{EF81646C-FFE0-4388-A572-2FA5151DE8B6}.Debug|Any CPU.ActiveCfg = Debug|Any CPU
		{EF81646C-FFE0-4388-A572-2FA5151DE8B6}.Debug|Any CPU.Build.0 = Debug|Any CPU
		{EF81646C-FFE0-4388-A572-2FA5151DE8B6}.Release|Any CPU.ActiveCfg = Release|Any CPU
		{EF81646C-FFE0-4388-A572-2FA5151DE8B6}.Release|Any CPU.Build.0 = Release|Any CPU
		{687CBA7A-D8FA-4ACF-B60C-A58850BD1C5A}.Debug|Any CPU.ActiveCfg = Debug|Any CPU
		{687CBA7A-D8FA-4ACF-B60C-A58850BD1C5A}.Debug|Any CPU.Build.0 = Debug|Any CPU
		{687CBA7A-D8FA-4ACF-B60C-A58850BD1C5A}.Release|Any CPU.ActiveCfg = Release|Any CPU
		{687CBA7A-D8FA-4ACF-B60C-A58850BD1C5A}.Release|Any CPU.Build.0 = Release|Any CPU
	EndGlobalSection
	GlobalSection(NestedProjects) = preSolution
		{75F0344E-39F3-40BC-BF36-F8EC251965E7} = {15527CB3-CC06-46A4-B4E7-CC87E38DA540}
		{B4A9772C-1411-4422-8D3F-61250EE431F9} = {25A208E5-5346-4846-9252-1E9F940D0E60}
		{EF81646C-FFE0-4388-A572-2FA5151DE8B6} = {15527CB3-CC06-46A4-B4E7-CC87E38DA540}
		{687CBA7A-D8FA-4ACF-B60C-A58850BD1C5A} = {15527CB3-CC06-46A4-B4E7-CC87E38DA540}
	EndGlobalSection
EndGlobal
